// !$*UTF8*$!
{
	archiveVersion = 1;
	classes = {
	};
	objectVersion = 46;
	objects = {

/* Begin PBXBuildFile section */
		84F13A5E1B6059BA005394BE /* main.m in Sources */ = {isa = PBXBuildFile; fileRef = 84F13A5D1B6059BA005394BE /* main.m */; };
		84F13A611B6059BA005394BE /* AppDelegate.m in Sources */ = {isa = PBXBuildFile; fileRef = 84F13A601B6059BA005394BE /* AppDelegate.m */; };
		84F13A641B6059BA005394BE /* ViewController.m in Sources */ = {isa = PBXBuildFile; fileRef = 84F13A631B6059BA005394BE /* ViewController.m */; };
		84F13A691B6059BA005394BE /* Images.xcassets in Resources */ = {isa = PBXBuildFile; fileRef = 84F13A681B6059BA005394BE /* Images.xcassets */; };
		84F13A6C1B6059BA005394BE /* LaunchScreen.xib in Resources */ = {isa = PBXBuildFile; fileRef = 84F13A6A1B6059BA005394BE /* LaunchScreen.xib */; };
		84F13A781B6059BA005394BE /* ButtonFunTests.m in Sources */ = {isa = PBXBuildFile; fileRef = 84F13A771B6059BA005394BE /* ButtonFunTests.m */; };
/* End PBXBuildFile section */

/* Begin PBXContainerItemProxy section */
		84F13A721B6059BA005394BE /* PBXContainerItemProxy */ = {
			isa = PBXContainerItemProxy;
			containerPortal = 84F13A501B6059BA005394BE /* Project object */;
			proxyType = 1;
			remoteGlobalIDString = 84F13A571B6059BA005394BE;
			remoteInfo = ButtonFun;
		};
/* End PBXContainerItemProxy section */

/* Begin PBXFileReference section */
		84F13A581B6059BA005394BE /* ButtonFun.app */ = {isa = PBXFileReference; explicitFileType = wrapper.application; includeInIndex = 0; path = ButtonFun.app; sourceTree = BUILT_PRODUCTS_DIR; };
		84F13A5C1B6059BA005394BE /* Info.plist */ = {isa = PBXFileReference; lastKnownFileType = text.plist.xml; path = Info.plist; sourceTree = "<group>"; };
		84F13A5D1B6059BA005394BE /* main.m */ = {isa = PBXFileReference; lastKnownFileType = sourcecode.c.objc; path = main.m; sourceTree = "<group>"; };
		84F13A5F1B6059BA005394BE /* AppDelegate.h */ = {isa = PBXFileReference; lastKnownFileType = sourcecode.c.h; path = AppDelegate.h; sourceTree = "<group>"; };
		84F13A601B6059BA005394BE /* AppDelegate.m */ = {isa = PBXFileReference; lastKnownFileType = sourcecode.c.objc; path = AppDelegate.m; sourceTree = "<group>"; };
		84F13A621B6059BA005394BE /* ViewController.h */ = {isa = PBXFileReference; lastKnownFileType = sourcecode.c.h; path = ViewController.h; sourceTree = "<group>"; };
		84F13A631B6059BA005394BE /* ViewController.m */ = {isa = PBXFileReference; lastKnownFileType = sourcecode.c.objc; path = ViewController.m; sourceTree = "<group>"; };
		84F13A681B6059BA005394BE /* Images.xcassets */ = {isa = PBXFileReference; lastKnownFileType = folder.assetcatalog; path = Images.xcassets; sourceTree = "<group>"; };
		84F13A6B1B6059BA005394BE /* Base */ = {isa = PBXFileReference; lastKnownFileType = file.xib; name = Base; path = Base.lproj/LaunchScreen.xib; sourceTree = "<group>"; };
		84F13A711B6059BA005394BE /* ButtonFunTests.xctest */ = {isa = PBXFileReference; explicitFileType = wrapper.cfbundle; includeInIndex = 0; path = ButtonFunTests.xctest; sourceTree = BUILT_PRODUCTS_DIR; };
		84F13A761B6059BA005394BE /* Info.plist */ = {isa = PBXFileReference; lastKnownFileType = text.plist.xml; path = Info.plist; sourceTree = "<group>"; };
		84F13A771B6059BA005394BE /* ButtonFunTests.m */ = {isa = PBXFileReference; lastKnownFileType = sourcecode.c.objc; path = ButtonFunTests.m; sourceTree = "<group>"; };
/* End PBXFileReference section */

/* Begin PBXFrameworksBuildPhase section */
		84F13A551B6059BA005394BE /* Frameworks */ = {
			isa = PBXFrameworksBuildPhase;
			buildActionMask = 2147483647;
			files = (
			);
			runOnlyForDeploymentPostprocessing = 0;
		};
		84F13A6E1B6059BA005394BE /* Frameworks */ = {
			isa = PBXFrameworksBuildPhase;
			buildActionMask = 2147483647;
			files = (
			);
			runOnlyForDeploymentPostprocessing = 0;
		};
/* End PBXFrameworksBuildPhase section */

/* Begin PBXGroup section */
		84F13A4F1B6059BA005394BE = {
			isa = PBXGroup;
			children = (
				84F13A5A1B6059BA005394BE /* ButtonFun */,
				84F13A741B6059BA005394BE /* ButtonFunTests */,
				84F13A591B6059BA005394BE /* Products */,
			);
			sourceTree = "<group>";
		};
		84F13A591B6059BA005394BE /* Products */ = {
			isa = PBXGroup;
			children = (
				84F13A581B6059BA005394BE /* ButtonFun.app */,
				84F13A711B6059BA005394BE /* ButtonFunTests.xctest */,
			);
			name = Products;
			sourceTree = "<group>";
		};
		84F13A5A1B6059BA005394BE /* ButtonFun */ = {
			isa = PBXGroup;
			children = (
				84F13A5F1B6059BA005394BE /* AppDelegate.h */,
				84F13A601B6059BA005394BE /* AppDelegate.m */,
				84F13A621B6059BA005394BE /* ViewController.h */,
				84F13A631B6059BA005394BE /* ViewController.m */,
				84F13A681B6059BA005394BE /* Images.xcassets */,
				84F13A6A1B6059BA005394BE /* LaunchScreen.xib */,
				84F13A5B1B6059BA005394BE /* Supporting Files */,
			);
			path = ButtonFun;
			sourceTree = "<group>";
		};
		84F13A5B1B6059BA005394BE /* Supporting Files */ = {
			isa = PBXGroup;
			children = (
				84F13A5C1B6059BA005394BE /* Info.plist */,
				84F13A5D1B6059BA005394BE /* main.m */,
			);
			name = "Supporting Files";
			sourceTree = "<group>";
		};
		84F13A741B6059BA005394BE /* ButtonFunTests */ = {
			isa = PBXGroup;
			children = (
				84F13A771B6059BA005394BE /* ButtonFunTests.m */,
				84F13A751B6059BA005394BE /* Supporting Files */,
			);
			path = ButtonFunTests;
			sourceTree = "<group>";
		};
		84F13A751B6059BA005394BE /* Supporting Files */ = {
			isa = PBXGroup;
			children = (
				84F13A761B6059BA005394BE /* Info.plist */,
			);
			name = "Supporting Files";
			sourceTree = "<group>";
		};
/* End PBXGroup section */

/* Begin PBXNativeTarget section */
		84F13A571B6059BA005394BE /* ButtonFun */ = {
			isa = PBXNativeTarget;
			buildConfigurationList = 84F13A7B1B6059BA005394BE /* Build configuration list for PBXNativeTarget "ButtonFun" */;
			buildPhases = (
				84F13A541B6059BA005394BE /* Sources */,
				84F13A551B6059BA005394BE /* Frameworks */,
				84F13A561B6059BA005394BE /* Resources */,
			);
			buildRules = (
			);
			dependencies = (
			);
			name = ButtonFun;
			productName = ButtonFun;
			productReference = 84F13A581B6059BA005394BE /* ButtonFun.app */;
			productType = "com.apple.product-type.application";
		};
		84F13A701B6059BA005394BE /* ButtonFunTests */ = {
			isa = PBXNativeTarget;
			buildConfigurationList = 84F13A7E1B6059BA005394BE /* Build configuration list for PBXNativeTarget "ButtonFunTests" */;
			buildPhases = (
				84F13A6D1B6059BA005394BE /* Sources */,
				84F13A6E1B6059BA005394BE /* Frameworks */,
				84F13A6F1B6059BA005394BE /* Resources */,
			);
			buildRules = (
			);
			dependencies = (
				84F13A731B6059BA005394BE /* PBXTargetDependency */,
			);
			name = ButtonFunTests;
			productName = ButtonFunTests;
			productReference = 84F13A711B6059BA005394BE /* ButtonFunTests.xctest */;
			productType = "com.apple.product-type.bundle.unit-test";
		};
/* End PBXNativeTarget section */

/* Begin PBXProject section */
		84F13A501B6059BA005394BE /* Project object */ = {
			isa = PBXProject;
			attributes = {
				LastUpgradeCheck = 0630;
				ORGANIZATIONNAME = "Julien Missial";
				TargetAttributes = {
					84F13A571B6059BA005394BE = {
						CreatedOnToolsVersion = 6.3.1;
					};
					84F13A701B6059BA005394BE = {
						CreatedOnToolsVersion = 6.3.1;
						TestTargetID = 84F13A571B6059BA005394BE;
					};
				};
			};
			buildConfigurationList = 84F13A531B6059BA005394BE /* Build configuration list for PBXProject "ButtonFun" */;
			compatibilityVersion = "Xcode 3.2";
			developmentRegion = English;
			hasScannedForEncodings = 0;
			knownRegions = (
				en,
				Base,
			);
			mainGroup = 84F13A4F1B6059BA005394BE;
			productRefGroup = 84F13A591B6059BA005394BE /* Products */;
			projectDirPath = "";
			projectRoot = "";
			targets = (
				84F13A571B6059BA005394BE /* ButtonFun */,
				84F13A701B6059BA005394BE /* ButtonFunTests */,
			);
		};
/* End PBXProject section */

/* Begin PBXResourcesBuildPhase section */
		84F13A561B6059BA005394BE /* Resources */ = {
			isa = PBXResourcesBuildPhase;
			buildActionMask = 2147483647;
			files = (
				84F13A6C1B6059BA005394BE /* LaunchScreen.xib in Resources */,
				84F13A691B6059BA005394BE /* Images.xcassets in Resources */,
			);
			runOnlyForDeploymentPostprocessing = 0;
		};
		84F13A6F1B6059BA005394BE /* Resources */ = {
			isa = PBXResourcesBuildPhase;
			buildActionMask = 2147483647;
			files = (
			);
			runOnlyForDeploymentPostprocessing = 0;
		};
/* End PBXResourcesBuildPhase section */

/* Begin PBXSourcesBuildPhase section */
		84F13A541B6059BA005394BE /* Sources */ = {
			isa = PBXSourcesBuildPhase;
			buildActionMask = 2147483647;
			files = (
				84F13A641B6059BA005394BE /* ViewController.m in Sources */,
				84F13A611B6059BA005394BE /* AppDelegate.m in Sources */,
				84F13A5E1B6059BA005394BE /* main.m in Sources */,
			);
			runOnlyForDeploymentPostprocessing = 0;
		};
		84F13A6D1B6059BA005394BE /* Sources */ = {
			isa = PBXSourcesBuildPhase;
			buildActionMask = 2147483647;
			files = (
				84F13A781B6059BA005394BE /* ButtonFunTests.m in Sources */,
			);
			runOnlyForDeploymentPostprocessing = 0;
		};
/* End PBXSourcesBuildPhase section */

/* Begin PBXTargetDependency section */
		84F13A731B6059BA005394BE /* PBXTargetDependency */ = {
			isa = PBXTargetDependency;
			target = 84F13A571B6059BA005394BE /* ButtonFun */;
			targetProxy = 84F13A721B6059BA005394BE /* PBXContainerItemProxy */;
		};
/* End PBXTargetDependency section */

/* Begin PBXVariantGroup section */
		84F13A6A1B6059BA005394BE /* LaunchScreen.xib */ = {
			isa = PBXVariantGroup;
			children = (
				84F13A6B1B6059BA005394BE /* Base */,
			);
			name = LaunchScreen.xib;
			sourceTree = "<group>";
		};
/* End PBXVariantGroup section */

/* Begin XCBuildConfiguration section */
		84F13A791B6059BA005394BE /* Debug */ = {
			isa = XCBuildConfiguration;
			buildSettings = {
				ALWAYS_SEARCH_USER_PATHS = NO;
				CLANG_CXX_LANGUAGE_STANDARD = "gnu++0x";
				CLANG_CXX_LIBRARY = "libc++";
				CLANG_ENABLE_MODULES = YES;
				CLANG_ENABLE_OBJC_ARC = YES;
				CLANG_WARN_BOOL_CONVERSION = YES;
				CLANG_WARN_CONSTANT_CONVERSION = YES;
				CLANG_WARN_DIRECT_OBJC_ISA_USAGE = YES_ERROR;
				CLANG_WARN_EMPTY_BODY = YES;
				CLANG_WARN_ENUM_CONVERSION = YES;
				CLANG_WARN_INT_CONVERSION = YES;
				CLANG_WARN_OBJC_ROOT_CLASS = YES_ERROR;
				CLANG_WARN_UNREACHABLE_CODE = YES;
				CLANG_WARN__DUPLICATE_METHOD_MATCH = YES;
				"CODE_SIGN_IDENTITY[sdk=iphoneos*]" = "iPhone Developer";
				COPY_PHASE_STRIP = NO;
				DEBUG_INFORMATION_FORMAT = "dwarf-with-dsym";
				ENABLE_STRICT_OBJC_MSGSEND = YES;
				GCC_C_LANGUAGE_STANDARD = gnu99;
				GCC_DYNAMIC_NO_PIC = NO;
				GCC_NO_COMMON_BLOCKS = YES;
				GCC_OPTIMIZATION_LEVEL = 0;
				GCC_PREPROCESSOR_DEFINITIONS = (
					"DEBUG=1",
					"$(inherited)",
				);
				GCC_SYMBOLS_PRIVATE_EXTERN = NO;
				GCC_WARN_64_TO_32_BIT_CONVERSION = YES;
				GCC_WARN_ABOUT_RETURN_TYPE = YES_ERROR;
				GCC_WARN_UNDECLARED_SELECTOR = YES;
				GCC_WARN_UNINITIALIZED_AUTOS = YES_AGGRESSIVE;
				GCC_WARN_UNUSED_FUNCTION = YES;
				GCC_WARN_UNUSED_VARIABLE = YES;
				IPHONEOS_DEPLOYMENT_TARGET = 8.3;
				MTL_ENABLE_DEBUG_INFO = YES;
				ONLY_ACTIVE_ARCH = YES;
				SDKROOT = iphoneos;
				TARGETED_DEVICE_FAMILY = "1,2";
			};
			name = Debug;
		};
		84F13A7A1B6059BA005394BE /* Release */ = {
			isa = XCBuildConfiguration;
			buildSettings = {
				ALWAYS_SEARCH_USER_PATHS = NO;
				CLANG_CXX_LANGUAGE_STANDARD = "gnu++0x";
				CLANG_CXX_LIBRARY = "libc++";
				CLANG_ENABLE_MODULES = YES;
				CLANG_ENABLE_OBJC_ARC = YES;
				CLANG_WARN_BOOL_CONVERSION = YES;
				CLANG_WARN_CONSTANT_CONVERSION = YES;
				CLANG_WARN_DIRECT_OBJC_ISA_USAGE = YES_ERROR;
				CLANG_WARN_EMPTY_BODY = YES;
				CLANG_WARN_ENUM_CONVERSION = YES;
				CLANG_WARN_INT_CONVERSION = YES;
				CLANG_WARN_OBJC_ROOT_CLASS = YES_ERROR;
				CLANG_WARN_UNREACHABLE_CODE = YES;
				CLANG_WARN__DUPLICATE_METHOD_MATCH = YES;
				"CODE_SIGN_IDENTITY[sdk=iphoneos*]" = "iPhone Developer";
				COPY_PHASE_STRIP = NO;
				DEBUG_INFORMATION_FORMAT = "dwarf-with-dsym";
				ENABLE_NS_ASSERTIONS = NO;
				ENABLE_STRICT_OBJC_MSGSEND = YES;
				GCC_C_LANGUAGE_STANDARD = gnu99;
				GCC_NO_COMMON_BLOCKS = YES;
				GCC_WARN_64_TO_32_BIT_CONVERSION = YES;
				GCC_WARN_ABOUT_RETURN_TYPE = YES_ERROR;
				GCC_WARN_UNDECLARED_SELECTOR = YES;
				GCC_WARN_UNINITIALIZED_AUTOS = YES_AGGRESSIVE;
				GCC_WARN_UNUSED_FUNCTION = YES;
				GCC_WARN_UNUSED_VARIABLE = YES;
				IPHONEOS_DEPLOYMENT_TARGET = 8.3;
				MTL_ENABLE_DEBUG_INFO = NO;
				SDKROOT = iphoneos;
				TARGETED_DEVICE_FAMILY = "1,2";
				VALIDATE_PRODUCT = YES;
			};
			name = Release;
		};
		84F13A7C1B6059BA005394BE /* Debug */ = {
			isa = XCBuildConfiguration;
			buildSettings = {
				ASSETCATALOG_COMPILER_APPICON_NAME = AppIcon;
				INFOPLIST_FILE = ButtonFun/Info.plist;
				LD_RUNPATH_SEARCH_PATHS = "$(inherited) @executable_path/Frameworks";
				PRODUCT_NAME = "$(TARGET_NAME)";
			};
			name = Debug;
		};
		84F13A7D1B6059BA005394BE /* Release */ = {
			isa = XCBuildConfiguration;
			buildSettings = {
				ASSETCATALOG_COMPILER_APPICON_NAME = AppIcon;
				INFOPLIST_FILE = ButtonFun/Info.plist;
				LD_RUNPATH_SEARCH_PATHS = "$(inherited) @executable_path/Frameworks";
				PRODUCT_NAME = "$(TARGET_NAME)";
			};
			name = Release;
		};
		84F13A7F1B6059BA005394BE /* Debug */ = {
			isa = XCBuildConfiguration;
			buildSettings = {
				BUNDLE_LOADER = "$(TEST_HOST)";
				FRAMEWORK_SEARCH_PATHS = (
					"$(SDKROOT)/Developer/Library/Frameworks",
					"$(inherited)",
				);
				GCC_PREPROCESSOR_DEFINITIONS = (
					"DEBUG=1",
					"$(inherited)",
				);
				INFOPLIST_FILE = ButtonFunTests/Info.plist;
				LD_RUNPATH_SEARCH_PATHS = "$(inherited) @executable_path/Frameworks @loader_path/Frameworks";
				PRODUCT_NAME = "$(TARGET_NAME)";
				TEST_HOST = "$(BUILT_PRODUCTS_DIR)/ButtonFun.app/ButtonFun";
			};
			name = Debug;
		};
		84F13A801B6059BA005394BE /* Release */ = {
			isa = XCBuildConfiguration;
			buildSettings = {
				BUNDLE_LOADER = "$(TEST_HOST)";
				FRAMEWORK_SEARCH_PATHS = (
					"$(SDKROOT)/Developer/Library/Frameworks",
					"$(inherited)",
				);
				INFOPLIST_FILE = ButtonFunTests/Info.plist;
				LD_RUNPATH_SEARCH_PATHS = "$(inherited) @executable_path/Frameworks @loader_path/Frameworks";
				PRODUCT_NAME = "$(TARGET_NAME)";
				TEST_HOST = "$(BUILT_PRODUCTS_DIR)/ButtonFun.app/ButtonFun";
			};
			name = Release;
		};
/* End XCBuildConfiguration section */

/* Begin XCConfigurationList section */
		84F13A531B6059BA005394BE /* Build configuration list for PBXProject "ButtonFun" */ = {
			isa = XCConfigurationList;
			buildConfigurations = (
				84F13A791B6059BA005394BE /* Debug */,
				84F13A7A1B6059BA005394BE /* Release */,
			);
			defaultConfigurationIsVisible = 0;
			defaultConfigurationName = Release;
		};
		84F13A7B1B6059BA005394BE /* Build configuration list for PBXNativeTarget "ButtonFun" */ = {
			isa = XCConfigurationList;
			buildConfigurations = (
				84F13A7C1B6059BA005394BE /* Debug */,
				84F13A7D1B6059BA005394BE /* Release */,
			);
			defaultConfigurationIsVisible = 0;
		};
		84F13A7E1B6059BA005394BE /* Build configuration list for PBXNativeTarget "ButtonFunTests" */ = {
			isa = XCConfigurationList;
			buildConfigurations = (
				84F13A7F1B6059BA005394BE /* Debug */,
				84F13A801B6059BA005394BE /* Release */,
			);
			defaultConfigurationIsVisible = 0;
		};
/* End XCConfigurationList section */
	};
	rootObject = 84F13A501B6059BA005394BE /* Project object */;
}
